Microsoft Visual Studio Solution File, Format Version 12.00
# Visual Studio Version 17
VisualStudioVersion = 17.5.2.0
MinimumVisualStudioVersion = 10.0.40219.1
Project("{FAE04EC0-301F-11D3-BF4B-00C04F79EFBC}") = "DSSStudentRisk", "DSSStudentRisk.csproj", "{F23ABD5B-CAA0-2F73-3568-AA3A7AE6A562}"
EndProject
Global
	GlobalSection(SolutionConfigurationPlatforms) = preSolution
		Debug|Any CPU = Debug|Any CPU
		Release|Any CPU = Release|Any CPU
	EndGlobalSection
	GlobalSection(ProjectConfigurationPlatforms) = postSolution
		{F23ABD5B-CAA0-2F73-3568-AA3A7AE6A562}.Debug|Any CPU.ActiveCfg = Debug|Any CPU
		{F23ABD5B-CAA0-2F73-3568-AA3A7AE6A562}.Debug|Any CPU.Build.0 = Debug|Any CPU
		{F23ABD5B-CAA0-2F73-3568-AA3A7AE6A562}.Release|Any CPU.ActiveCfg = Release|Any CPU
		{F23ABD5B-CAA0-2F73-3568-AA3A7AE6A562}.Release|Any CPU.Build.0 = Release|Any CPU
	EndGlobalSection
	GlobalSection(SolutionProperties) = preSolution
		HideSolutionNode = FALSE
	EndGlobalSection
	GlobalSection(ExtensibilityGlobals) = postSolution
		SolutionGuid = {35AA5ED1-FEF3-4EC5-B963-731407241449}
	EndGlobalSection
EndGlobal
